
Microsoft Visual Studio Solution File, Format Version 12.00
# Visual Studio Version 17
VisualStudioVersion = 17.2.32526.322
MinimumVisualStudioVersion = 10.0.40219.1
Project("{2150E333-8FDC-42A3-9474-1A3956D46DE8}") = "src", "src", "{699586CD-B08C-4CD6-AA66-213E4EFA6F51}"
EndProject
Project("{9A19103F-16F7-4668-BE54-9A1E7A4F7556}") = "W2JSoftware.Utils.Common", "src\W2JSoftware.Utils.Common\W2JSoftware.Utils.Common.csproj", "{83A4C96E-744C-4667-B517-FC60CB6EA2A8}"
EndProject
Project("{9A19103F-16F7-4668-BE54-9A1E7A4F7556}") = "W2JSoftware.Utils.Helper", "src\W2JSoftware.Utils.Helper\W2JSoftware.Utils.Helper.csproj", "{59C655CD-FADA-40FC-BE02-60FB535A36C3}"
EndProject
Project("{9A19103F-16F7-4668-BE54-9A1E7A4F7556}") = "W2JSoftware.Utils.IoC.Framework", "src\W2JSoftware.Utils.IoC.Framework\W2JSoftware.Utils.IoC.Framework.csproj", "{5AFBEC36-77A4-447D-BD68-88EC533AD6E0}"
EndProject
Project("{9A19103F-16F7-4668-BE54-9A1E7A4F7556}") = "W2JSoftware.Utils.Logging", "src\W2JSoftware.Utils.Logging\W2JSoftware.Utils.Logging.csproj", "{7D279EC7-0700-4F57-B99B-BF78636B8E34}"
EndProject
Project("{9A19103F-16F7-4668-BE54-9A1E7A4F7556}") = "W2JSoftware.Utils.REST", "src\W2JSoftware.Utils.REST\W2JSoftware.Utils.REST.csproj", "{B86D3A0F-BFA5-4413-BE2A-927322883C9D}"
EndProject
Project("{9A19103F-16F7-4668-BE54-9A1E7A4F7556}") = "W2JSoftware.Utils.WebBase", "src\W2JSoftware.Utils.WebBase\W2JSoftware.Utils.WebBase.csproj", "{BD73487A-646A-47F5-AAE6-14ADD1AD845B}"
EndProject
Project("{9A19103F-16F7-4668-BE54-9A1E7A4F7556}") = "W2JSoftware.Utils.MediatRHangfire", "src\W2JSoftware.Utils.MediatRHangfire\W2JSoftware.Utils.MediatRHangfire.csproj", "{EC831985-37B4-4E44-B98E-EE8BB549B2AD}"
EndProject
Project("{2150E333-8FDC-42A3-9474-1A3956D46DE8}") = "tests", "tests", "{35FD01F1-2934-406C-8EAC-E487A6197185}"
EndProject
Project("{9A19103F-16F7-4668-BE54-9A1E7A4F7556}") = "W2JSoftware.Utils.Helper.Tests", "src\W2JSoftware.Utils.Helper.Tests\W2JSoftware.Utils.Helper.Tests.csproj", "{668E32A7-3834-4E14-B2CD-DE969B40050B}"
EndProject
Project("{9A19103F-16F7-4668-BE54-9A1E7A4F7556}") = "W2JSoftware.Utils.Notifications", "src\W2JSoftware.Utils.Notifications\W2JSoftware.Utils.Notifications.csproj", "{6EA9B747-DC3A-4235-9788-1DEC095A2A83}"
EndProject
Project("{FAE04EC0-301F-11D3-BF4B-00C04F79EFBC}") = "W2JSoftware.Utils.EntityFramework", "src\W2JSoftware.Utils.EntityFramework\W2JSoftware.Utils.EntityFramework.csproj", "{F3B71A69-CEB1-41E5-AB2F-B3D6E1FC38EC}"
EndProject
Project("{FAE04EC0-301F-11D3-BF4B-00C04F79EFBC}") = "W2JSoftware.Utils.MVC", "src\W2JSoftware.Utils.MVC\W2JSoftware.Utils.MVC.csproj", "{76CB1176-53C2-4BBB-95A9-7E76D5DED604}"
EndProject
Global
	GlobalSection(SolutionConfigurationPlatforms) = preSolution
		Debug|Any CPU = Debug|Any CPU
		Release|Any CPU = Release|Any CPU
	EndGlobalSection
	GlobalSection(ProjectConfigurationPlatforms) = postSolution
		{83A4C96E-744C-4667-B517-FC60CB6EA2A8}.Debug|Any CPU.ActiveCfg = Debug|Any CPU
		{83A4C96E-744C-4667-B517-FC60CB6EA2A8}.Debug|Any CPU.Build.0 = Debug|Any CPU
		{83A4C96E-744C-4667-B517-FC60CB6EA2A8}.Release|Any CPU.ActiveCfg = Release|Any CPU
		{83A4C96E-744C-4667-B517-FC60CB6EA2A8}.Release|Any CPU.Build.0 = Release|Any CPU
		{59C655CD-FADA-40FC-BE02-60FB535A36C3}.Debug|Any CPU.ActiveCfg = Debug|Any CPU
		{59C655CD-FADA-40FC-BE02-60FB535A36C3}.Debug|Any CPU.Build.0 = Debug|Any CPU
		{59C655CD-FADA-40FC-BE02-60FB535A36C3}.Release|Any CPU.ActiveCfg = Release|Any CPU
		{59C655CD-FADA-40FC-BE02-60FB535A36C3}.Release|Any CPU.Build.0 = Release|Any CPU
		{5AFBEC36-77A4-447D-BD68-88EC533AD6E0}.Debug|Any CPU.ActiveCfg = Debug|Any CPU
		{5AFBEC36-77A4-447D-BD68-88EC533AD6E0}.Debug|Any CPU.Build.0 = Debug|Any CPU
		{5AFBEC36-77A4-447D-BD68-88EC533AD6E0}.Release|Any CPU.ActiveCfg = Release|Any CPU
		{5AFBEC36-77A4-447D-BD68-88EC533AD6E0}.Release|Any CPU.Build.0 = Release|Any CPU
		{7D279EC7-0700-4F57-B99B-BF78636B8E34}.Debug|Any CPU.ActiveCfg = Debug|Any CPU
		{7D279EC7-0700-4F57-B99B-BF78636B8E34}.Debug|Any CPU.Build.0 = Debug|Any CPU
		{7D279EC7-0700-4F57-B99B-BF78636B8E34}.Release|Any CPU.ActiveCfg = Release|Any CPU
		{7D279EC7-0700-4F57-B99B-BF78636B8E34}.Release|Any CPU.Build.0 = Release|Any CPU
		{B86D3A0F-BFA5-4413-BE2A-927322883C9D}.Debug|Any CPU.ActiveCfg = Debug|Any CPU
		{B86D3A0F-BFA5-4413-BE2A-927322883C9D}.Debug|Any CPU.Build.0 = Debug|Any CPU
		{B86D3A0F-BFA5-4413-BE2A-927322883C9D}.Release|Any CPU.ActiveCfg = Release|Any CPU
		{B86D3A0F-BFA5-4413-BE2A-927322883C9D}.Release|Any CPU.Build.0 = Release|Any CPU
		{BD73487A-646A-47F5-AAE6-14ADD1AD845B}.Debug|Any CPU.ActiveCfg = Debug|Any CPU
		{BD73487A-646A-47F5-AAE6-14ADD1AD845B}.Debug|Any CPU.Build.0 = Debug|Any CPU
		{BD73487A-646A-47F5-AAE6-14ADD1AD845B}.Release|Any CPU.ActiveCfg = Release|Any CPU
		{BD73487A-646A-47F5-AAE6-14ADD1AD845B}.Release|Any CPU.Build.0 = Release|Any CPU
		{EC831985-37B4-4E44-B98E-EE8BB549B2AD}.Debug|Any CPU.ActiveCfg = Debug|Any CPU
		{EC831985-37B4-4E44-B98E-EE8BB549B2AD}.Debug|Any CPU.Build.0 = Debug|Any CPU
		{EC831985-37B4-4E44-B98E-EE8BB549B2AD}.Release|Any CPU.ActiveCfg = Release|Any CPU
		{EC831985-37B4-4E44-B98E-EE8BB549B2AD}.Release|Any CPU.Build.0 = Release|Any CPU
		{668E32A7-3834-4E14-B2CD-DE969B40050B}.Debug|Any CPU.ActiveCfg = Debug|Any CPU
		{668E32A7-3834-4E14-B2CD-DE969B40050B}.Debug|Any CPU.Build.0 = Debug|Any CPU
		{668E32A7-3834-4E14-B2CD-DE969B40050B}.Release|Any CPU.ActiveCfg = Release|Any CPU
		{668E32A7-3834-4E14-B2CD-DE969B40050B}.Release|Any CPU.Build.0 = Release|Any CPU
		{6EA9B747-DC3A-4235-9788-1DEC095A2A83}.Debug|Any CPU.ActiveCfg = Debug|Any CPU
		{6EA9B747-DC3A-4235-9788-1DEC095A2A83}.Debug|Any CPU.Build.0 = Debug|Any CPU
		{6EA9B747-DC3A-4235-9788-1DEC095A2A83}.Release|Any CPU.ActiveCfg = Release|Any CPU
		{6EA9B747-DC3A-4235-9788-1DEC095A2A83}.Release|Any CPU.Build.0 = Release|Any CPU
		{F3B71A69-CEB1-41E5-AB2F-B3D6E1FC38EC}.Debug|Any CPU.ActiveCfg = Debug|Any CPU
		{F3B71A69-CEB1-41E5-AB2F-B3D6E1FC38EC}.Debug|Any CPU.Build.0 = Debug|Any CPU
		{F3B71A69-CEB1-41E5-AB2F-B3D6E1FC38EC}.Release|Any CPU.ActiveCfg = Release|Any CPU
		{F3B71A69-CEB1-41E5-AB2F-B3D6E1FC38EC}.Release|Any CPU.Build.0 = Release|Any CPU
		{76CB1176-53C2-4BBB-95A9-7E76D5DED604}.Debug|Any CPU.ActiveCfg = Debug|Any CPU
		{76CB1176-53C2-4BBB-95A9-7E76D5DED604}.Debug|Any CPU.Build.0 = Debug|Any CPU
		{76CB1176-53C2-4BBB-95A9-7E76D5DED604}.Release|Any CPU.ActiveCfg = Release|Any CPU
		{76CB1176-53C2-4BBB-95A9-7E76D5DED604}.Release|Any CPU.Build.0 = Release|Any CPU
	EndGlobalSection
	GlobalSection(SolutionProperties) = preSolution
		HideSolutionNode = FALSE
	EndGlobalSection
	GlobalSection(NestedProjects) = preSolution
		{83A4C96E-744C-4667-B517-FC60CB6EA2A8} = {699586CD-B08C-4CD6-AA66-213E4EFA6F51}
		{59C655CD-FADA-40FC-BE02-60FB535A36C3} = {699586CD-B08C-4CD6-AA66-213E4EFA6F51}
		{5AFBEC36-77A4-447D-BD68-88EC533AD6E0} = {699586CD-B08C-4CD6-AA66-213E4EFA6F51}
		{7D279EC7-0700-4F57-B99B-BF78636B8E34} = {699586CD-B08C-4CD6-AA66-213E4EFA6F51}
		{B86D3A0F-BFA5-4413-BE2A-927322883C9D} = {699586CD-B08C-4CD6-AA66-213E4EFA6F51}
		{BD73487A-646A-47F5-AAE6-14ADD1AD845B} = {699586CD-B08C-4CD6-AA66-213E4EFA6F51}
		{EC831985-37B4-4E44-B98E-EE8BB549B2AD} = {699586CD-B08C-4CD6-AA66-213E4EFA6F51}
		{668E32A7-3834-4E14-B2CD-DE969B40050B} = {35FD01F1-2934-406C-8EAC-E487A6197185}
		{6EA9B747-DC3A-4235-9788-1DEC095A2A83} = {699586CD-B08C-4CD6-AA66-213E4EFA6F51}
		{F3B71A69-CEB1-41E5-AB2F-B3D6E1FC38EC} = {699586CD-B08C-4CD6-AA66-213E4EFA6F51}
		{76CB1176-53C2-4BBB-95A9-7E76D5DED604} = {699586CD-B08C-4CD6-AA66-213E4EFA6F51}
	EndGlobalSection
	GlobalSection(ExtensibilityGlobals) = postSolution
		SolutionGuid = {9DE8CD6C-4ED1-4C6E-8E12-9D02120EB385}
	EndGlobalSection
EndGlobal
